// !$*UTF8*$!
{
	archiveVersion = 1;
	classes = {
	};
	objectVersion = 46;
	objects = {

/* Begin PBXBuildFile section */
		FA1C6A541E9E804900D0A5D5 /* main.m in Sources */ = {isa = PBXBuildFile; fileRef = FA1C6A531E9E804900D0A5D5 /* main.m */; };
		FA1C6A571E9E804900D0A5D5 /* AppDelegate.m in Sources */ = {isa = PBXBuildFile; fileRef = FA1C6A561E9E804900D0A5D5 /* AppDelegate.m */; };
		FA1C6A5D1E9E804900D0A5D5 /* Main.storyboard in Resources */ = {isa = PBXBuildFile; fileRef = FA1C6A5B1E9E804900D0A5D5 /* Main.storyboard */; };
		FA1C6A5F1E9E804900D0A5D5 /* Assets.xcassets in Resources */ = {isa = PBXBuildFile; fileRef = FA1C6A5E1E9E804900D0A5D5 /* Assets.xcassets */; };
		FA1C6A621E9E804900D0A5D5 /* LaunchScreen.storyboard in Resources */ = {isa = PBXBuildFile; fileRef = FA1C6A601E9E804900D0A5D5 /* LaunchScreen.storyboard */; };
		FA1F11AA1EDC7463004880DB /* SystemConfiguration.framework in Frameworks */ = {isa = PBXBuildFile; fileRef = FA1F11A91EDC7463004880DB /* SystemConfiguration.framework */; };
		FA1F11AD1EDC751E004880DB /* Reachability.m in Sources */ = {isa = PBXBuildFile; fileRef = FA1F11AC1EDC751E004880DB /* Reachability.m */; };
		FA30982A1EA11088002B108E /* CameraCaptureController.m in Sources */ = {isa = PBXBuildFile; fileRef = FA3098291EA11088002B108E /* CameraCaptureController.m */; };
		FA3F0C081F8CFF4C00BA3FB6 /* FLAnimatedImageView.m in Sources */ = {isa = PBXBuildFile; fileRef = FA3F0C051F8CFED400BA3FB6 /* FLAnimatedImageView.m */; };
		FA3F0C091F8CFF5B00BA3FB6 /* FLAnimatedImage.m in Sources */ = {isa = PBXBuildFile; fileRef = FA3F0C071F8CFED500BA3FB6 /* FLAnimatedImage.m */; };
		FA3F20CD1E9E814A000937D6 /* BooksCollectionViewCell.m in Sources */ = {isa = PBXBuildFile; fileRef = FA3F20C01E9E814A000937D6 /* BooksCollectionViewCell.m */; };
		FA3F20CE1E9E814A000937D6 /* DoubanData.m in Sources */ = {isa = PBXBuildFile; fileRef = FA3F20C21E9E814A000937D6 /* DoubanData.m */; };
		FA3F20D01E9E814A000937D6 /* JSONAnalysis.m in Sources */ = {isa = PBXBuildFile; fileRef = FA3F20C51E9E814A000937D6 /* JSONAnalysis.m */; };
		FA4DD6281E9FC0D600E6BF78 /* MBProgressHUD.m in Sources */ = {isa = PBXBuildFile; fileRef = FA4DD6271E9FC0D600E6BF78 /* MBProgressHUD.m */; };
		FA5725191EADE70700699FD5 /* PopupView.m in Sources */ = {isa = PBXBuildFile; fileRef = FA5725181EADE70700699FD5 /* PopupView.m */; };
		FAB347D41EA4D38F0069D02A /* BooksCollectionViewController.m in Sources */ = {isa = PBXBuildFile; fileRef = FAB347D31EA4D38F0069D02A /* BooksCollectionViewController.m */; };
		FAB347D71EA510C00069D02A /* TableViewController.m in Sources */ = {isa = PBXBuildFile; fileRef = FAB347D61EA510C00069D02A /* TableViewController.m */; };
		FAB347DA1EA511240069D02A /* TableViewCell.m in Sources */ = {isa = PBXBuildFile; fileRef = FAB347D91EA511240069D02A /* TableViewCell.m */; };
		FACE4A9C1F28DB4D0058E8B2 /* FLAnimatedImageView+WebCache.m in Sources */ = {isa = PBXBuildFile; fileRef = FACE4A741F28DB4D0058E8B2 /* FLAnimatedImageView+WebCache.m */; };
		FACE4A9D1F28DB4D0058E8B2 /* MKAnnotationView+WebCache.m in Sources */ = {isa = PBXBuildFile; fileRef = FACE4A761F28DB4D0058E8B2 /* MKAnnotationView+WebCache.m */; };
		FACE4A9E1F28DB4D0058E8B2 /* NSData+ImageContentType.m in Sources */ = {isa = PBXBuildFile; fileRef = FACE4A781F28DB4D0058E8B2 /* NSData+ImageContentType.m */; };
		FACE4A9F1F28DB4D0058E8B2 /* NSImage+WebCache.m in Sources */ = {isa = PBXBuildFile; fileRef = FACE4A7A1F28DB4D0058E8B2 /* NSImage+WebCache.m */; };
		FACE4AA01F28DB4D0058E8B2 /* SDImageCache.m in Sources */ = {isa = PBXBuildFile; fileRef = FACE4A7C1F28DB4D0058E8B2 /* SDImageCache.m */; };
		FACE4AA11F28DB4D0058E8B2 /* SDImageCacheConfig.m in Sources */ = {isa = PBXBuildFile; fileRef = FACE4A7E1F28DB4D0058E8B2 /* SDImageCacheConfig.m */; };
		FACE4AA21F28DB4D0058E8B2 /* SDWebImageCompat.m in Sources */ = {isa = PBXBuildFile; fileRef = FACE4A801F28DB4D0058E8B2 /* SDWebImageCompat.m */; };
		FACE4AA31F28DB4D0058E8B2 /* SDWebImageDecoder.m in Sources */ = {isa = PBXBuildFile; fileRef = FACE4A821F28DB4D0058E8B2 /* SDWebImageDecoder.m */; };
		FACE4AA41F28DB4D0058E8B2 /* SDWebImageDownloader.m in Sources */ = {isa = PBXBuildFile; fileRef = FACE4A841F28DB4D0058E8B2 /* SDWebImageDownloader.m */; };
		FACE4AA51F28DB4D0058E8B2 /* SDWebImageDownloaderOperation.m in Sources */ = {isa = PBXBuildFile; fileRef = FACE4A861F28DB4D0058E8B2 /* SDWebImageDownloaderOperation.m */; };
		FACE4AA61F28DB4D0058E8B2 /* SDWebImageManager.m in Sources */ = {isa = PBXBuildFile; fileRef = FACE4A881F28DB4D0058E8B2 /* SDWebImageManager.m */; };
		FACE4AA71F28DB4D0058E8B2 /* SDWebImagePrefetcher.m in Sources */ = {isa = PBXBuildFile; fileRef = FACE4A8B1F28DB4D0058E8B2 /* SDWebImagePrefetcher.m */; };
		FACE4AA81F28DB4D0058E8B2 /* UIButton+WebCache.m in Sources */ = {isa = PBXBuildFile; fileRef = FACE4A8D1F28DB4D0058E8B2 /* UIButton+WebCache.m */; };
		FACE4AA91F28DB4D0058E8B2 /* UIImage+GIF.m in Sources */ = {isa = PBXBuildFile; fileRef = FACE4A8F1F28DB4D0058E8B2 /* UIImage+GIF.m */; };
		FACE4AAA1F28DB4D0058E8B2 /* UIImage+MultiFormat.m in Sources */ = {isa = PBXBuildFile; fileRef = FACE4A911F28DB4D0058E8B2 /* UIImage+MultiFormat.m */; };
		FACE4AAB1F28DB4D0058E8B2 /* UIImage+WebP.m in Sources */ = {isa = PBXBuildFile; fileRef = FACE4A931F28DB4D0058E8B2 /* UIImage+WebP.m */; };
		FACE4AAC1F28DB4D0058E8B2 /* UIImageView+HighlightedWebCache.m in Sources */ = {isa = PBXBuildFile; fileRef = FACE4A951F28DB4D0058E8B2 /* UIImageView+HighlightedWebCache.m */; };
		FACE4AAD1F28DB4D0058E8B2 /* UIImageView+WebCache.m in Sources */ = {isa = PBXBuildFile; fileRef = FACE4A971F28DB4D0058E8B2 /* UIImageView+WebCache.m */; };
		FACE4AAE1F28DB4D0058E8B2 /* UIView+WebCache.m in Sources */ = {isa = PBXBuildFile; fileRef = FACE4A991F28DB4D0058E8B2 /* UIView+WebCache.m */; };
		FACE4AAF1F28DB4D0058E8B2 /* UIView+WebCacheOperation.m in Sources */ = {isa = PBXBuildFile; fileRef = FACE4A9B1F28DB4D0058E8B2 /* UIView+WebCacheOperation.m */; };
		FAE682E91EA8F3AC0085DC62 /* DetailViewController.m in Sources */ = {isa = PBXBuildFile; fileRef = FAE682E81EA8F3AC0085DC62 /* DetailViewController.m */; };
		FAFD2A611E9F92560078247D /* BooksNavController.m in Sources */ = {isa = PBXBuildFile; fileRef = FAFD2A601E9F92560078247D /* BooksNavController.m */; };
/* End PBXBuildFile section */

/* Begin PBXFileReference section */
		FA1C6A4F1E9E804900D0A5D5 /* BookLib.app */ = {isa = PBXFileReference; explicitFileType = wrapper.application; includeInIndex = 0; path = BookLib.app; sourceTree = BUILT_PRODUCTS_DIR; };
		FA1C6A531E9E804900D0A5D5 /* main.m */ = {isa = PBXFileReference; lastKnownFileType = sourcecode.c.objc; path = main.m; sourceTree = "<group>"; };
		FA1C6A551E9E804900D0A5D5 /* AppDelegate.h */ = {isa = PBXFileReference; lastKnownFileType = sourcecode.c.h; path = AppDelegate.h; sourceTree = "<group>"; };
		FA1C6A561E9E804900D0A5D5 /* AppDelegate.m */ = {isa = PBXFileReference; lastKnownFileType = sourcecode.c.objc; path = AppDelegate.m; sourceTree = "<group>"; };
		FA1C6A5C1E9E804900D0A5D5 /* Base */ = {isa = PBXFileReference; lastKnownFileType = file.storyboard; name = Base; path = Base.lproj/Main.storyboard; sourceTree = "<group>"; };
		FA1C6A5E1E9E804900D0A5D5 /* Assets.xcassets */ = {isa = PBXFileReference; lastKnownFileType = folder.assetcatalog; path = Assets.xcassets; sourceTree = "<group>"; };
		FA1C6A611E9E804900D0A5D5 /* Base */ = {isa = PBXFileReference; lastKnownFileType = file.storyboard; name = Base; path = Base.lproj/LaunchScreen.storyboard; sourceTree = "<group>"; };
		FA1C6A631E9E804900D0A5D5 /* Info.plist */ = {isa = PBXFileReference; lastKnownFileType = text.plist.xml; path = Info.plist; sourceTree = "<group>"; };
		FA1F11A91EDC7463004880DB /* SystemConfiguration.framework */ = {isa = PBXFileReference; lastKnownFileType = wrapper.framework; name = SystemConfiguration.framework; path = System/Library/Frameworks/SystemConfiguration.framework; sourceTree = SDKROOT; };
		FA1F11AB1EDC751E004880DB /* Reachability.h */ = {isa = PBXFileReference; fileEncoding = 4; lastKnownFileType = sourcecode.c.h; path = Reachability.h; sourceTree = "<group>"; };
		FA1F11AC1EDC751E004880DB /* Reachability.m */ = {isa = PBXFileReference; fileEncoding = 4; lastKnownFileType = sourcecode.c.objc; path = Reachability.m; sourceTree = "<group>"; };
		FA3098261EA10F01002B108E /* AVFoundation.framework */ = {isa = PBXFileReference; lastKnownFileType = wrapper.framework; name = AVFoundation.framework; path = System/Library/Frameworks/AVFoundation.framework; sourceTree = SDKROOT; };
		FA3098281EA11088002B108E /* CameraCaptureController.h */ = {isa = PBXFileReference; fileEncoding = 4; lastKnownFileType = sourcecode.c.h; path = CameraCaptureController.h; sourceTree = "<group>"; };
		FA3098291EA11088002B108E /* CameraCaptureController.m */ = {isa = PBXFileReference; fileEncoding = 4; lastKnownFileType = sourcecode.c.objc; path = CameraCaptureController.m; sourceTree = "<group>"; };
		FA3F0C041F8CFED400BA3FB6 /* FLAnimatedImageView.h */ = {isa = PBXFileReference; lastKnownFileType = sourcecode.c.h; path = FLAnimatedImageView.h; sourceTree = "<group>"; };
		FA3F0C051F8CFED400BA3FB6 /* FLAnimatedImageView.m */ = {isa = PBXFileReference; lastKnownFileType = sourcecode.c.objc; path = FLAnimatedImageView.m; sourceTree = "<group>"; };
		FA3F0C061F8CFED400BA3FB6 /* FLAnimatedImage.h */ = {isa = PBXFileReference; lastKnownFileType = sourcecode.c.h; path = FLAnimatedImage.h; sourceTree = "<group>"; };
		FA3F0C071F8CFED500BA3FB6 /* FLAnimatedImage.m */ = {isa = PBXFileReference; lastKnownFileType = sourcecode.c.objc; path = FLAnimatedImage.m; sourceTree = "<group>"; };
		FA3F20BF1E9E814A000937D6 /* BooksCollectionViewCell.h */ = {isa = PBXFileReference; fileEncoding = 4; lastKnownFileType = sourcecode.c.h; name = BooksCollectionViewCell.h; path = testProject/BooksCollectionViewCell.h; sourceTree = "<group>"; };
		FA3F20C01E9E814A000937D6 /* BooksCollectionViewCell.m */ = {isa = PBXFileReference; fileEncoding = 4; lastKnownFileType = sourcecode.c.objc; name = BooksCollectionViewCell.m; path = testProject/BooksCollectionViewCell.m; sourceTree = "<group>"; };
		FA3F20C11E9E814A000937D6 /* DoubanData.h */ = {isa = PBXFileReference; fileEncoding = 4; lastKnownFileType = sourcecode.c.h; name = DoubanData.h; path = testProject/DoubanData.h; sourceTree = "<group>"; };
		FA3F20C21E9E814A000937D6 /* DoubanData.m */ = {isa = PBXFileReference; fileEncoding = 4; lastKnownFileType = sourcecode.c.objc; name = DoubanData.m; path = testProject/DoubanData.m; sourceTree = "<group>"; };
		FA3F20C41E9E814A000937D6 /* JSONAnalysis.h */ = {isa = PBXFileReference; fileEncoding = 4; lastKnownFileType = sourcecode.c.h; name = JSONAnalysis.h; path = testProject/JSONAnalysis.h; sourceTree = "<group>"; };
		FA3F20C51E9E814A000937D6 /* JSONAnalysis.m */ = {isa = PBXFileReference; fileEncoding = 4; lastKnownFileType = sourcecode.c.objc; name = JSONAnalysis.m; path = testProject/JSONAnalysis.m; sourceTree = "<group>"; };
		FA4DD6261E9FC0D600E6BF78 /* MBProgressHUD.h */ = {isa = PBXFileReference; fileEncoding = 4; lastKnownFileType = sourcecode.c.h; path = MBProgressHUD.h; sourceTree = "<group>"; };
		FA4DD6271E9FC0D600E6BF78 /* MBProgressHUD.m */ = {isa = PBXFileReference; fileEncoding = 4; lastKnownFileType = sourcecode.c.objc; path = MBProgressHUD.m; sourceTree = "<group>"; };
		FA5725171EADE70700699FD5 /* PopupView.h */ = {isa = PBXFileReference; fileEncoding = 4; lastKnownFileType = sourcecode.c.h; path = PopupView.h; sourceTree = "<group>"; };
		FA5725181EADE70700699FD5 /* PopupView.m */ = {isa = PBXFileReference; fileEncoding = 4; lastKnownFileType = sourcecode.c.objc; path = PopupView.m; sourceTree = "<group>"; };
		FAB347D21EA4D38F0069D02A /* BooksCollectionViewController.h */ = {isa = PBXFileReference; fileEncoding = 4; lastKnownFileType = sourcecode.c.h; path = BooksCollectionViewController.h; sourceTree = "<group>"; };
		FAB347D31EA4D38F0069D02A /* BooksCollectionViewController.m */ = {isa = PBXFileReference; fileEncoding = 4; lastKnownFileType = sourcecode.c.objc; path = BooksCollectionViewController.m; sourceTree = "<group>"; };
		FAB347D51EA510C00069D02A /* TableViewController.h */ = {isa = PBXFileReference; fileEncoding = 4; lastKnownFileType = sourcecode.c.h; path = TableViewController.h; sourceTree = "<group>"; };
		FAB347D61EA510C00069D02A /* TableViewController.m */ = {isa = PBXFileReference; fileEncoding = 4; lastKnownFileType = sourcecode.c.objc; path = TableViewController.m; sourceTree = "<group>"; };
		FAB347D81EA511240069D02A /* TableViewCell.h */ = {isa = PBXFileReference; fileEncoding = 4; lastKnownFileType = sourcecode.c.h; path = TableViewCell.h; sourceTree = "<group>"; };
		FAB347D91EA511240069D02A /* TableViewCell.m */ = {isa = PBXFileReference; fileEncoding = 4; lastKnownFileType = sourcecode.c.objc; path = TableViewCell.m; sourceTree = "<group>"; };
		FACE4A731F28DB4D0058E8B2 /* FLAnimatedImageView+WebCache.h */ = {isa = PBXFileReference; fileEncoding = 4; lastKnownFileType = sourcecode.c.h; path = "FLAnimatedImageView+WebCache.h"; sourceTree = "<group>"; };
		FACE4A741F28DB4D0058E8B2 /* FLAnimatedImageView+WebCache.m */ = {isa = PBXFileReference; fileEncoding = 4; lastKnownFileType = sourcecode.c.objc; path = "FLAnimatedImageView+WebCache.m"; sourceTree = "<group>"; };
		FACE4A751F28DB4D0058E8B2 /* MKAnnotationView+WebCache.h */ = {isa = PBXFileReference; fileEncoding = 4; lastKnownFileType = sourcecode.c.h; path = "MKAnnotationView+WebCache.h"; sourceTree = "<group>"; };
		FACE4A761F28DB4D0058E8B2 /* MKAnnotationView+WebCache.m */ = {isa = PBXFileReference; fileEncoding = 4; lastKnownFileType = sourcecode.c.objc; path = "MKAnnotationView+WebCache.m"; sourceTree = "<group>"; };
		FACE4A771F28DB4D0058E8B2 /* NSData+ImageContentType.h */ = {isa = PBXFileReference; fileEncoding = 4; lastKnownFileType = sourcecode.c.h; path = "NSData+ImageContentType.h"; sourceTree = "<group>"; };
		FACE4A781F28DB4D0058E8B2 /* NSData+ImageContentType.m */ = {isa = PBXFileReference; fileEncoding = 4; lastKnownFileType = sourcecode.c.objc; path = "NSData+ImageContentType.m"; sourceTree = "<group>"; };
		FACE4A791F28DB4D0058E8B2 /* NSImage+WebCache.h */ = {isa = PBXFileReference; fileEncoding = 4; lastKnownFileType = sourcecode.c.h; path = "NSImage+WebCache.h"; sourceTree = "<group>"; };
		FACE4A7A1F28DB4D0058E8B2 /* NSImage+WebCache.m */ = {isa = PBXFileReference; fileEncoding = 4; lastKnownFileType = sourcecode.c.objc; path = "NSImage+WebCache.m"; sourceTree = "<group>"; };
		FACE4A7B1F28DB4D0058E8B2 /* SDImageCache.h */ = {isa = PBXFileReference; fileEncoding = 4; lastKnownFileType = sourcecode.c.h; path = SDImageCache.h; sourceTree = "<group>"; };
		FACE4A7C1F28DB4D0058E8B2 /* SDImageCache.m */ = {isa = PBXFileReference; fileEncoding = 4; lastKnownFileType = sourcecode.c.objc; path = SDImageCache.m; sourceTree = "<group>"; };
		FACE4A7D1F28DB4D0058E8B2 /* SDImageCacheConfig.h */ = {isa = PBXFileReference; fileEncoding = 4; lastKnownFileType = sourcecode.c.h; path = SDImageCacheConfig.h; sourceTree = "<group>"; };
		FACE4A7E1F28DB4D0058E8B2 /* SDImageCacheConfig.m */ = {isa = PBXFileReference; fileEncoding = 4; lastKnownFileType = sourcecode.c.objc; path = SDImageCacheConfig.m; sourceTree = "<group>"; };
		FACE4A7F1F28DB4D0058E8B2 /* SDWebImageCompat.h */ = {isa = PBXFileReference; fileEncoding = 4; lastKnownFileType = sourcecode.c.h; path = SDWebImageCompat.h; sourceTree = "<group>"; };
		FACE4A801F28DB4D0058E8B2 /* SDWebImageCompat.m */ = {isa = PBXFileReference; fileEncoding = 4; lastKnownFileType = sourcecode.c.objc; path = SDWebImageCompat.m; sourceTree = "<group>"; };
		FACE4A811F28DB4D0058E8B2 /* SDWebImageDecoder.h */ = {isa = PBXFileReference; fileEncoding = 4; lastKnownFileType = sourcecode.c.h; path = SDWebImageDecoder.h; sourceTree = "<group>"; };
		FACE4A821F28DB4D0058E8B2 /* SDWebImageDecoder.m */ = {isa = PBXFileReference; fileEncoding = 4; lastKnownFileType = sourcecode.c.objc; path = SDWebImageDecoder.m; sourceTree = "<group>"; };
		FACE4A831F28DB4D0058E8B2 /* SDWebImageDownloader.h */ = {isa = PBXFileReference; fileEncoding = 4; lastKnownFileType = sourcecode.c.h; path = SDWebImageDownloader.h; sourceTree = "<group>"; };
		FACE4A841F28DB4D0058E8B2 /* SDWebImageDownloader.m */ = {isa = PBXFileReference; fileEncoding = 4; lastKnownFileType = sourcecode.c.objc; path = SDWebImageDownloader.m; sourceTree = "<group>"; };
		FACE4A851F28DB4D0058E8B2 /* SDWebImageDownloaderOperation.h */ = {isa = PBXFileReference; fileEncoding = 4; lastKnownFileType = sourcecode.c.h; path = SDWebImageDownloaderOperation.h; sourceTree = "<group>"; };
		FACE4A861F28DB4D0058E8B2 /* SDWebImageDownloaderOperation.m */ = {isa = PBXFileReference; fileEncoding = 4; lastKnownFileType = sourcecode.c.objc; path = SDWebImageDownloaderOperation.m; sourceTree = "<group>"; };
		FACE4A871F28DB4D0058E8B2 /* SDWebImageManager.h */ = {isa = PBXFileReference; fileEncoding = 4; lastKnownFileType = sourcecode.c.h; path = SDWebImageManager.h; sourceTree = "<group>"; };
		FACE4A881F28DB4D0058E8B2 /* SDWebImageManager.m */ = {isa = PBXFileReference; fileEncoding = 4; lastKnownFileType = sourcecode.c.objc; path = SDWebImageManager.m; sourceTree = "<group>"; };
		FACE4A891F28DB4D0058E8B2 /* SDWebImageOperation.h */ = {isa = PBXFileReference; fileEncoding = 4; lastKnownFileType = sourcecode.c.h; path = SDWebImageOperation.h; sourceTree = "<group>"; };
		FACE4A8A1F28DB4D0058E8B2 /* SDWebImagePrefetcher.h */ = {isa = PBXFileReference; fileEncoding = 4; lastKnownFileType = sourcecode.c.h; path = SDWebImagePrefetcher.h; sourceTree = "<group>"; };
		FACE4A8B1F28DB4D0058E8B2 /* SDWebImagePrefetcher.m */ = {isa = PBXFileReference; fileEncoding = 4; lastKnownFileType = sourcecode.c.objc; path = SDWebImagePrefetcher.m; sourceTree = "<group>"; };
		FACE4A8C1F28DB4D0058E8B2 /* UIButton+WebCache.h */ = {isa = PBXFileReference; fileEncoding = 4; lastKnownFileType = sourcecode.c.h; path = "UIButton+WebCache.h"; sourceTree = "<group>"; };
		FACE4A8D1F28DB4D0058E8B2 /* UIButton+WebCache.m */ = {isa = PBXFileReference; fileEncoding = 4; lastKnownFileType = sourcecode.c.objc; path = "UIButton+WebCache.m"; sourceTree = "<group>"; };
		FACE4A8E1F28DB4D0058E8B2 /* UIImage+GIF.h */ = {isa = PBXFileReference; fileEncoding = 4; lastKnownFileType = sourcecode.c.h; path = "UIImage+GIF.h"; sourceTree = "<group>"; };
		FACE4A8F1F28DB4D0058E8B2 /* UIImage+GIF.m */ = {isa = PBXFileReference; fileEncoding = 4; lastKnownFileType = sourcecode.c.objc; path = "UIImage+GIF.m"; sourceTree = "<group>"; };
		FACE4A901F28DB4D0058E8B2 /* UIImage+MultiFormat.h */ = {isa = PBXFileReference; fileEncoding = 4; lastKnownFileType = sourcecode.c.h; path = "UIImage+MultiFormat.h"; sourceTree = "<group>"; };
		FACE4A911F28DB4D0058E8B2 /* UIImage+MultiFormat.m */ = {isa = PBXFileReference; fileEncoding = 4; lastKnownFileType = sourcecode.c.objc; path = "UIImage+MultiFormat.m"; sourceTree = "<group>"; };
		FACE4A921F28DB4D0058E8B2 /* UIImage+WebP.h */ = {isa = PBXFileReference; fileEncoding = 4; lastKnownFileType = sourcecode.c.h; path = "UIImage+WebP.h"; sourceTree = "<group>"; };
		FACE4A931F28DB4D0058E8B2 /* UIImage+WebP.m */ = {isa = PBXFileReference; fileEncoding = 4; lastKnownFileType = sourcecode.c.objc; path = "UIImage+WebP.m"; sourceTree = "<group>"; };
		FACE4A941F28DB4D0058E8B2 /* UIImageView+HighlightedWebCache.h */ = {isa = PBXFileReference; fileEncoding = 4; lastKnownFileType = sourcecode.c.h; path = "UIImageView+HighlightedWebCache.h"; sourceTree = "<group>"; };
		FACE4A951F28DB4D0058E8B2 /* UIImageView+HighlightedWebCache.m */ = {isa = PBXFileReference; fileEncoding = 4; lastKnownFileType = sourcecode.c.objc; path = "UIImageView+HighlightedWebCache.m"; sourceTree = "<group>"; };
		FACE4A961F28DB4D0058E8B2 /* UIImageView+WebCache.h */ = {isa = PBXFileReference; fileEncoding = 4; lastKnownFileType = sourcecode.c.h; path = "UIImageView+WebCache.h"; sourceTree = "<group>"; };
		FACE4A971F28DB4D0058E8B2 /* UIImageView+WebCache.m */ = {isa = PBXFileReference; fileEncoding = 4; lastKnownFileType = sourcecode.c.objc; path = "UIImageView+WebCache.m"; sourceTree = "<group>"; };
		FACE4A981F28DB4D0058E8B2 /* UIView+WebCache.h */ = {isa = PBXFileReference; fileEncoding = 4; lastKnownFileType = sourcecode.c.h; path = "UIView+WebCache.h"; sourceTree = "<group>"; };
		FACE4A991F28DB4D0058E8B2 /* UIView+WebCache.m */ = {isa = PBXFileReference; fileEncoding = 4; lastKnownFileType = sourcecode.c.objc; path = "UIView+WebCache.m"; sourceTree = "<group>"; };
		FACE4A9A1F28DB4D0058E8B2 /* UIView+WebCacheOperation.h */ = {isa = PBXFileReference; fileEncoding = 4; lastKnownFileType = sourcecode.c.h; path = "UIView+WebCacheOperation.h"; sourceTree = "<group>"; };
		FACE4A9B1F28DB4D0058E8B2 /* UIView+WebCacheOperation.m */ = {isa = PBXFileReference; fileEncoding = 4; lastKnownFileType = sourcecode.c.objc; path = "UIView+WebCacheOperation.m"; sourceTree = "<group>"; };
		FAE682E71EA8F3AC0085DC62 /* DetailViewController.h */ = {isa = PBXFileReference; fileEncoding = 4; lastKnownFileType = sourcecode.c.h; path = DetailViewController.h; sourceTree = "<group>"; };
		FAE682E81EA8F3AC0085DC62 /* DetailViewController.m */ = {isa = PBXFileReference; fileEncoding = 4; lastKnownFileType = sourcecode.c.objc; path = DetailViewController.m; sourceTree = "<group>"; };
		FAFD2A5F1E9F92560078247D /* BooksNavController.h */ = {isa = PBXFileReference; fileEncoding = 4; lastKnownFileType = sourcecode.c.h; path = BooksNavController.h; sourceTree = "<group>"; };
		FAFD2A601E9F92560078247D /* BooksNavController.m */ = {isa = PBXFileReference; fileEncoding = 4; lastKnownFileType = sourcecode.c.objc; path = BooksNavController.m; sourceTree = "<group>"; };
/* End PBXFileReference section */

/* Begin PBXFrameworksBuildPhase section */
		FA1C6A4C1E9E804900D0A5D5 /* Frameworks */ = {
			isa = PBXFrameworksBuildPhase;
			buildActionMask = 2147483647;
			files = (
				FA1F11AA1EDC7463004880DB /* SystemConfiguration.framework in Frameworks */,
			);
			runOnlyForDeploymentPostprocessing = 0;
		};
/* End PBXFrameworksBuildPhase section */

/* Begin PBXGroup section */
		FA1C6A461E9E804900D0A5D5 = {
			isa = PBXGroup;
			children = (
				FA1C6A511E9E804900D0A5D5 /* BookLib */,
				FA1C6A501E9E804900D0A5D5 /* Products */,
				FA3098251EA10F01002B108E /* Frameworks */,
			);
			sourceTree = "<group>";
		};
		FA1C6A501E9E804900D0A5D5 /* Products */ = {
			isa = PBXGroup;
			children = (
				FA1C6A4F1E9E804900D0A5D5 /* BookLib.app */,
			);
			name = Products;
			sourceTree = "<group>";
		};
		FA1C6A511E9E804900D0A5D5 /* BookLib */ = {
			isa = PBXGroup;
			children = (
				FA3F20D61E9E821E000937D6 /* Class */,
				FA1C6A5B1E9E804900D0A5D5 /* Main.storyboard */,
				FA1C6A5E1E9E804900D0A5D5 /* Assets.xcassets */,
				FA1C6A601E9E804900D0A5D5 /* LaunchScreen.storyboard */,
				FA1C6A631E9E804900D0A5D5 /* Info.plist */,
				FA1C6A521E9E804900D0A5D5 /* Supporting Files */,
			);
			path = BookLib;
			sourceTree = "<group>";
		};
		FA1C6A521E9E804900D0A5D5 /* Supporting Files */ = {
			isa = PBXGroup;
			children = (
				FA1C6A531E9E804900D0A5D5 /* main.m */,
			);
			name = "Supporting Files";
			sourceTree = "<group>";
		};
		FA1F11AE1EDC77EB004880DB /* Reachability */ = {
			isa = PBXGroup;
			children = (
				FA1F11AB1EDC751E004880DB /* Reachability.h */,
				FA1F11AC1EDC751E004880DB /* Reachability.m */,
			);
			name = Reachability;
			sourceTree = "<group>";
		};
		FA1F11AF1EDC77FD004880DB /* MBProgressHUD */ = {
			isa = PBXGroup;
			children = (
				FA4DD6261E9FC0D600E6BF78 /* MBProgressHUD.h */,
				FA4DD6271E9FC0D600E6BF78 /* MBProgressHUD.m */,
			);
			name = MBProgressHUD;
			sourceTree = "<group>";
		};
		FA3098251EA10F01002B108E /* Frameworks */ = {
			isa = PBXGroup;
			children = (
				FA1F11A91EDC7463004880DB /* SystemConfiguration.framework */,
				FA3098261EA10F01002B108E /* AVFoundation.framework */,
			);
			name = Frameworks;
			sourceTree = "<group>";
		};
		FA3F20D61E9E821E000937D6 /* Class */ = {
			isa = PBXGroup;
			children = (
				FA3F20DA1E9E8244000937D6 /* Controller */,
				FA3F20D91E9E8239000937D6 /* View */,
				FA3F20D81E9E8232000937D6 /* Model */,
				FA3F20DB1E9E824C000937D6 /* Other */,
			);
			name = Class;
			sourceTree = "<group>";
		};
		FA3F20D81E9E8232000937D6 /* Model */ = {
			isa = PBXGroup;
			children = (
				FA3F20C11E9E814A000937D6 /* DoubanData.h */,
				FA3F20C21E9E814A000937D6 /* DoubanData.m */,
				FA3F20C41E9E814A000937D6 /* JSONAnalysis.h */,
				FA3F20C51E9E814A000937D6 /* JSONAnalysis.m */,
			);
			name = Model;
			sourceTree = "<group>";
		};
		FA3F20D91E9E8239000937D6 /* View */ = {
			isa = PBXGroup;
			children = (
				FA3F20BF1E9E814A000937D6 /* BooksCollectionViewCell.h */,
				FA3F20C01E9E814A000937D6 /* BooksCollectionViewCell.m */,
				FAB347D81EA511240069D02A /* TableViewCell.h */,
				FAB347D91EA511240069D02A /* TableViewCell.m */,
				FA5725171EADE70700699FD5 /* PopupView.h */,
				FA5725181EADE70700699FD5 /* PopupView.m */,
			);
			name = View;
			sourceTree = "<group>";
		};
		FA3F20DA1E9E8244000937D6 /* Controller */ = {
			isa = PBXGroup;
			children = (
				FAB347D51EA510C00069D02A /* TableViewController.h */,
				FAB347D61EA510C00069D02A /* TableViewController.m */,
				FAE682E71EA8F3AC0085DC62 /* DetailViewController.h */,
				FAE682E81EA8F3AC0085DC62 /* DetailViewController.m */,
				FAB347D21EA4D38F0069D02A /* BooksCollectionViewController.h */,
				FAB347D31EA4D38F0069D02A /* BooksCollectionViewController.m */,
				FA3098281EA11088002B108E /* CameraCaptureController.h */,
				FA3098291EA11088002B108E /* CameraCaptureController.m */,
				FAFD2A5F1E9F92560078247D /* BooksNavController.h */,
				FAFD2A601E9F92560078247D /* BooksNavController.m */,
			);
			name = Controller;
			sourceTree = "<group>";
		};
		FA3F20DB1E9E824C000937D6 /* Other */ = {
			isa = PBXGroup;
			children = (
				FACE4AB01F28E0D30058E8B2 /* FLAnimatedImage */,
				FACE4A711F28DB4D0058E8B2 /* SDWebImage */,
				FA1F11AF1EDC77FD004880DB /* MBProgressHUD */,
				FA1F11AE1EDC77EB004880DB /* Reachability */,
				FA1C6A551E9E804900D0A5D5 /* AppDelegate.h */,
				FA1C6A561E9E804900D0A5D5 /* AppDelegate.m */,
			);
			name = Other;
			sourceTree = "<group>";
		};
		FACE4A711F28DB4D0058E8B2 /* SDWebImage */ = {
			isa = PBXGroup;
			children = (
				FACE4A721F28DB4D0058E8B2 /* FLAnimatedImage */,
				FACE4A751F28DB4D0058E8B2 /* MKAnnotationView+WebCache.h */,
				FACE4A761F28DB4D0058E8B2 /* MKAnnotationView+WebCache.m */,
				FACE4A771F28DB4D0058E8B2 /* NSData+ImageContentType.h */,
				FACE4A781F28DB4D0058E8B2 /* NSData+ImageContentType.m */,
				FACE4A791F28DB4D0058E8B2 /* NSImage+WebCache.h */,
				FACE4A7A1F28DB4D0058E8B2 /* NSImage+WebCache.m */,
				FACE4A7B1F28DB4D0058E8B2 /* SDImageCache.h */,
				FACE4A7C1F28DB4D0058E8B2 /* SDImageCache.m */,
				FACE4A7D1F28DB4D0058E8B2 /* SDImageCacheConfig.h */,
				FACE4A7E1F28DB4D0058E8B2 /* SDImageCacheConfig.m */,
				FACE4A7F1F28DB4D0058E8B2 /* SDWebImageCompat.h */,
				FACE4A801F28DB4D0058E8B2 /* SDWebImageCompat.m */,
				FACE4A811F28DB4D0058E8B2 /* SDWebImageDecoder.h */,
				FACE4A821F28DB4D0058E8B2 /* SDWebImageDecoder.m */,
				FACE4A831F28DB4D0058E8B2 /* SDWebImageDownloader.h */,
				FACE4A841F28DB4D0058E8B2 /* SDWebImageDownloader.m */,
				FACE4A851F28DB4D0058E8B2 /* SDWebImageDownloaderOperation.h */,
				FACE4A861F28DB4D0058E8B2 /* SDWebImageDownloaderOperation.m */,
				FACE4A871F28DB4D0058E8B2 /* SDWebImageManager.h */,
				FACE4A881F28DB4D0058E8B2 /* SDWebImageManager.m */,
				FACE4A891F28DB4D0058E8B2 /* SDWebImageOperation.h */,
				FACE4A8A1F28DB4D0058E8B2 /* SDWebImagePrefetcher.h */,
				FACE4A8B1F28DB4D0058E8B2 /* SDWebImagePrefetcher.m */,
				FACE4A8C1F28DB4D0058E8B2 /* UIButton+WebCache.h */,
				FACE4A8D1F28DB4D0058E8B2 /* UIButton+WebCache.m */,
				FACE4A8E1F28DB4D0058E8B2 /* UIImage+GIF.h */,
				FACE4A8F1F28DB4D0058E8B2 /* UIImage+GIF.m */,
				FACE4A901F28DB4D0058E8B2 /* UIImage+MultiFormat.h */,
				FACE4A911F28DB4D0058E8B2 /* UIImage+MultiFormat.m */,
				FACE4A921F28DB4D0058E8B2 /* UIImage+WebP.h */,
				FACE4A931F28DB4D0058E8B2 /* UIImage+WebP.m */,
				FACE4A941F28DB4D0058E8B2 /* UIImageView+HighlightedWebCache.h */,
				FACE4A951F28DB4D0058E8B2 /* UIImageView+HighlightedWebCache.m */,
				FACE4A961F28DB4D0058E8B2 /* UIImageView+WebCache.h */,
				FACE4A971F28DB4D0058E8B2 /* UIImageView+WebCache.m */,
				FACE4A981F28DB4D0058E8B2 /* UIView+WebCache.h */,
				FACE4A991F28DB4D0058E8B2 /* UIView+WebCache.m */,
				FACE4A9A1F28DB4D0058E8B2 /* UIView+WebCacheOperation.h */,
				FACE4A9B1F28DB4D0058E8B2 /* UIView+WebCacheOperation.m */,
			);
			path = SDWebImage;
			sourceTree = "<group>";
		};
		FACE4A721F28DB4D0058E8B2 /* FLAnimatedImage */ = {
			isa = PBXGroup;
			children = (
				FACE4A731F28DB4D0058E8B2 /* FLAnimatedImageView+WebCache.h */,
				FACE4A741F28DB4D0058E8B2 /* FLAnimatedImageView+WebCache.m */,
			);
			path = FLAnimatedImage;
			sourceTree = "<group>";
		};
		FACE4AB01F28E0D30058E8B2 /* FLAnimatedImage */ = {
			isa = PBXGroup;
			children = (
				FA3F0C061F8CFED400BA3FB6 /* FLAnimatedImage.h */,
				FA3F0C071F8CFED500BA3FB6 /* FLAnimatedImage.m */,
				FA3F0C041F8CFED400BA3FB6 /* FLAnimatedImageView.h */,
				FA3F0C051F8CFED400BA3FB6 /* FLAnimatedImageView.m */,
			);
			path = FLAnimatedImage;
			sourceTree = "<group>";
		};
/* End PBXGroup section */

/* Begin PBXNativeTarget section */
		FA1C6A4E1E9E804900D0A5D5 /* BookLib */ = {
			isa = PBXNativeTarget;
			buildConfigurationList = FA1C6A661E9E804900D0A5D5 /* Build configuration list for PBXNativeTarget "BookLib" */;
			buildPhases = (
				FA1C6A4B1E9E804900D0A5D5 /* Sources */,
				FA1C6A4C1E9E804900D0A5D5 /* Frameworks */,
				FA1C6A4D1E9E804900D0A5D5 /* Resources */,
			);
			buildRules = (
			);
			dependencies = (
			);
			name = BookLib;
			productName = BookLib;
			productReference = FA1C6A4F1E9E804900D0A5D5 /* BookLib.app */;
			productType = "com.apple.product-type.application";
		};
/* End PBXNativeTarget section */

/* Begin PBXProject section */
		FA1C6A471E9E804900D0A5D5 /* Project object */ = {
			isa = PBXProject;
			attributes = {
				LastUpgradeCheck = 0830;
				ORGANIZATIONNAME = "沈喆";
				TargetAttributes = {
					FA1C6A4E1E9E804900D0A5D5 = {
						CreatedOnToolsVersion = 8.3.1;
						DevelopmentTeam = U48K759752;
						ProvisioningStyle = Automatic;
					};
				};
			};
			buildConfigurationList = FA1C6A4A1E9E804900D0A5D5 /* Build configuration list for PBXProject "BookLib" */;
			compatibilityVersion = "Xcode 3.2";
			developmentRegion = English;
			hasScannedForEncodings = 0;
			knownRegions = (
				en,
				Base,
			);
			mainGroup = FA1C6A461E9E804900D0A5D5;
			productRefGroup = FA1C6A501E9E804900D0A5D5 /* Products */;
			projectDirPath = "";
			projectRoot = "";
			targets = (
				FA1C6A4E1E9E804900D0A5D5 /* BookLib */,
			);
		};
/* End PBXProject section */

/* Begin PBXResourcesBuildPhase section */
		FA1C6A4D1E9E804900D0A5D5 /* Resources */ = {
			isa = PBXResourcesBuildPhase;
			buildActionMask = 2147483647;
			files = (
				FA1C6A621E9E804900D0A5D5 /* LaunchScreen.storyboard in Resources */,
				FA1C6A5F1E9E804900D0A5D5 /* Assets.xcassets in Resources */,
				FA1C6A5D1E9E804900D0A5D5 /* Main.storyboard in Resources */,
			);
			runOnlyForDeploymentPostprocessing = 0;
		};
/* End PBXResourcesBuildPhase section */

/* Begin PBXSourcesBuildPhase section */
		FA1C6A4B1E9E804900D0A5D5 /* Sources */ = {
			isa = PBXSourcesBuildPhase;
			buildActionMask = 2147483647;
			files = (
				FA3F0C091F8CFF5B00BA3FB6 /* FLAnimatedImage.m in Sources */,
				FA3F0C081F8CFF4C00BA3FB6 /* FLAnimatedImageView.m in Sources */,
				FACE4AAF1F28DB4D0058E8B2 /* UIView+WebCacheOperation.m in Sources */,
				FACE4AA41F28DB4D0058E8B2 /* SDWebImageDownloader.m in Sources */,
				FAB347D71EA510C00069D02A /* TableViewController.m in Sources */,
				FACE4A9D1F28DB4D0058E8B2 /* MKAnnotationView+WebCache.m in Sources */,
				FACE4AA71F28DB4D0058E8B2 /* SDWebImagePrefetcher.m in Sources */,
				FAB347DA1EA511240069D02A /* TableViewCell.m in Sources */,
				FA5725191EADE70700699FD5 /* PopupView.m in Sources */,
				FACE4AAA1F28DB4D0058E8B2 /* UIImage+MultiFormat.m in Sources */,
				FACE4AAB1F28DB4D0058E8B2 /* UIImage+WebP.m in Sources */,
				FAFD2A611E9F92560078247D /* BooksNavController.m in Sources */,
				FA3F20CD1E9E814A000937D6 /* BooksCollectionViewCell.m in Sources */,
				FACE4AAD1F28DB4D0058E8B2 /* UIImageView+WebCache.m in Sources */,
				FACE4AAE1F28DB4D0058E8B2 /* UIView+WebCache.m in Sources */,
				FA3F20D01E9E814A000937D6 /* JSONAnalysis.m in Sources */,
				FA3F20CE1E9E814A000937D6 /* DoubanData.m in Sources */,
				FACE4A9F1F28DB4D0058E8B2 /* NSImage+WebCache.m in Sources */,
				FAB347D41EA4D38F0069D02A /* BooksCollectionViewController.m in Sources */,
				FACE4A9E1F28DB4D0058E8B2 /* NSData+ImageContentType.m in Sources */,
				FA1C6A571E9E804900D0A5D5 /* AppDelegate.m in Sources */,
				FAE682E91EA8F3AC0085DC62 /* DetailViewController.m in Sources */,
				FA1F11AD1EDC751E004880DB /* Reachability.m in Sources */,
				FACE4AA01F28DB4D0058E8B2 /* SDImageCache.m in Sources */,
				FACE4AA11F28DB4D0058E8B2 /* SDImageCacheConfig.m in Sources */,
				FACE4AA61F28DB4D0058E8B2 /* SDWebImageManager.m in Sources */,
				FACE4AA31F28DB4D0058E8B2 /* SDWebImageDecoder.m in Sources */,
				FACE4AA51F28DB4D0058E8B2 /* SDWebImageDownloaderOperation.m in Sources */,
				FACE4A9C1F28DB4D0058E8B2 /* FLAnimatedImageView+WebCache.m in Sources */,
				FA30982A1EA11088002B108E /* CameraCaptureController.m in Sources */,
				FA1C6A541E9E804900D0A5D5 /* main.m in Sources */,
				FACE4AA21F28DB4D0058E8B2 /* SDWebImageCompat.m in Sources */,
				FACE4AA81F28DB4D0058E8B2 /* UIButton+WebCache.m in Sources */,
				FACE4AAC1F28DB4D0058E8B2 /* UIImageView+HighlightedWebCache.m in Sources */,
				FACE4AA91F28DB4D0058E8B2 /* UIImage+GIF.m in Sources */,
				FA4DD6281E9FC0D600E6BF78 /* MBProgressHUD.m in Sources */,
			);
			runOnlyForDeploymentPostprocessing = 0;
		};
/* End PBXSourcesBuildPhase section */

/* Begin PBXVariantGroup section */
		FA1C6A5B1E9E804900D0A5D5 /* Main.storyboard */ = {
			isa = PBXVariantGroup;
			children = (
				FA1C6A5C1E9E804900D0A5D5 /* Base */,
			);
			name = Main.storyboard;
			sourceTree = "<group>";
		};
		FA1C6A601E9E804900D0A5D5 /* LaunchScreen.storyboard */ = {
			isa = PBXVariantGroup;
			children = (
				FA1C6A611E9E804900D0A5D5 /* Base */,
			);
			name = LaunchScreen.storyboard;
			sourceTree = "<group>";
		};
/* End PBXVariantGroup section */

/* Begin XCBuildConfiguration section */
		FA1C6A641E9E804900D0A5D5 /* Debug */ = {
			isa = XCBuildConfiguration;
			buildSettings = {
				ALWAYS_SEARCH_USER_PATHS = NO;
				CLANG_ANALYZER_NONNULL = YES;
				CLANG_ANALYZER_NUMBER_OBJECT_CONVERSION = YES_AGGRESSIVE;
				CLANG_CXX_LANGUAGE_STANDARD = "gnu++0x";
				CLANG_CXX_LIBRARY = "libc++";
				CLANG_ENABLE_MODULES = YES;
				CLANG_ENABLE_OBJC_ARC = YES;
				CLANG_WARN_BOOL_CONVERSION = YES;
				CLANG_WARN_CONSTANT_CONVERSION = YES;
				CLANG_WARN_DIRECT_OBJC_ISA_USAGE = YES_ERROR;
				CLANG_WARN_DOCUMENTATION_COMMENTS = YES;
				CLANG_WARN_EMPTY_BODY = YES;
				CLANG_WARN_ENUM_CONVERSION = YES;
				CLANG_WARN_INFINITE_RECURSION = YES;
				CLANG_WARN_INT_CONVERSION = YES;
				CLANG_WARN_OBJC_ROOT_CLASS = YES_ERROR;
				CLANG_WARN_SUSPICIOUS_MOVE = YES;
				CLANG_WARN_UNREACHABLE_CODE = YES;
				CLANG_WARN__DUPLICATE_METHOD_MATCH = YES;
				"CODE_SIGN_IDENTITY[sdk=iphoneos*]" = "iPhone Developer";
				COPY_PHASE_STRIP = NO;
				DEBUG_INFORMATION_FORMAT = dwarf;
				ENABLE_STRICT_OBJC_MSGSEND = YES;
				ENABLE_TESTABILITY = YES;
				GCC_C_LANGUAGE_STANDARD = gnu99;
				GCC_DYNAMIC_NO_PIC = NO;
				GCC_NO_COMMON_BLOCKS = YES;
				GCC_OPTIMIZATION_LEVEL = 0;
				GCC_PREPROCESSOR_DEFINITIONS = (
					"DEBUG=1",
					"$(inherited)",
				);
				GCC_WARN_64_TO_32_BIT_CONVERSION = YES;
				GCC_WARN_ABOUT_RETURN_TYPE = YES_ERROR;
				GCC_WARN_UNDECLARED_SELECTOR = YES;
				GCC_WARN_UNINITIALIZED_AUTOS = YES_AGGRESSIVE;
				GCC_WARN_UNUSED_FUNCTION = YES;
				GCC_WARN_UNUSED_VARIABLE = YES;
				IPHONEOS_DEPLOYMENT_TARGET = 10.3;
				MTL_ENABLE_DEBUG_INFO = YES;
				ONLY_ACTIVE_ARCH = YES;
				SDKROOT = iphoneos;
			};
			name = Debug;
		};
		FA1C6A651E9E804900D0A5D5 /* Release */ = {
			isa = XCBuildConfiguration;
			buildSettings = {
				ALWAYS_SEARCH_USER_PATHS = NO;
				CLANG_ANALYZER_NONNULL = YES;
				CLANG_ANALYZER_NUMBER_OBJECT_CONVERSION = YES_AGGRESSIVE;
				CLANG_CXX_LANGUAGE_STANDARD = "gnu++0x";
				CLANG_CXX_LIBRARY = "libc++";
				CLANG_ENABLE_MODULES = YES;
				CLANG_ENABLE_OBJC_ARC = YES;
				CLANG_WARN_BOOL_CONVERSION = YES;
				CLANG_WARN_CONSTANT_CONVERSION = YES;
				CLANG_WARN_DIRECT_OBJC_ISA_USAGE = YES_ERROR;
				CLANG_WARN_DOCUMENTATION_COMMENTS = YES;
				CLANG_WARN_EMPTY_BODY = YES;
				CLANG_WARN_ENUM_CONVERSION = YES;
				CLANG_WARN_INFINITE_RECURSION = YES;
				CLANG_WARN_INT_CONVERSION = YES;
				CLANG_WARN_OBJC_ROOT_CLASS = YES_ERROR;
				CLANG_WARN_SUSPICIOUS_MOVE = YES;
				CLANG_WARN_UNREACHABLE_CODE = YES;
				CLANG_WARN__DUPLICATE_METHOD_MATCH = YES;
				"CODE_SIGN_IDENTITY[sdk=iphoneos*]" = "iPhone Developer";
				COPY_PHASE_STRIP = NO;
				DEBUG_INFORMATION_FORMAT = "dwarf-with-dsym";
				ENABLE_NS_ASSERTIONS = NO;
				ENABLE_STRICT_OBJC_MSGSEND = YES;
				GCC_C_LANGUAGE_STANDARD = gnu99;
				GCC_NO_COMMON_BLOCKS = YES;
				GCC_WARN_64_TO_32_BIT_CONVERSION = YES;
				GCC_WARN_ABOUT_RETURN_TYPE = YES_ERROR;
				GCC_WARN_UNDECLARED_SELECTOR = YES;
				GCC_WARN_UNINITIALIZED_AUTOS = YES_AGGRESSIVE;
				GCC_WARN_UNUSED_FUNCTION = YES;
				GCC_WARN_UNUSED_VARIABLE = YES;
				IPHONEOS_DEPLOYMENT_TARGET = 10.3;
				MTL_ENABLE_DEBUG_INFO = NO;
				SDKROOT = iphoneos;
				VALIDATE_PRODUCT = YES;
			};
			name = Release;
		};
		FA1C6A671E9E804900D0A5D5 /* Debug */ = {
			isa = XCBuildConfiguration;
			buildSettings = {
				ASSETCATALOG_COMPILER_APPICON_NAME = AppIcon;
				DEVELOPMENT_TEAM = U48K759752;
				INFOPLIST_FILE = BookLib/Info.plist;
				LD_RUNPATH_SEARCH_PATHS = "$(inherited) @executable_path/Frameworks";
				PRODUCT_BUNDLE_IDENTIFIER = com.alexshenzhe.BookLib;
				PRODUCT_NAME = "$(TARGET_NAME)";
			};
			name = Debug;
		};
		FA1C6A681E9E804900D0A5D5 /* Release */ = {
			isa = XCBuildConfiguration;
			buildSettings = {
				ASSETCATALOG_COMPILER_APPICON_NAME = AppIcon;
				DEVELOPMENT_TEAM = U48K759752;
				INFOPLIST_FILE = BookLib/Info.plist;
				LD_RUNPATH_SEARCH_PATHS = "$(inherited) @executable_path/Frameworks";
				PRODUCT_BUNDLE_IDENTIFIER = com.alexshenzhe.BookLib;
				PRODUCT_NAME = "$(TARGET_NAME)";
			};
			name = Release;
		};
/* End XCBuildConfiguration section */

/* Begin XCConfigurationList section */
		FA1C6A4A1E9E804900D0A5D5 /* Build configuration list for PBXProject "BookLib" */ = {
			isa = XCConfigurationList;
			buildConfigurations = (
				FA1C6A641E9E804900D0A5D5 /* Debug */,
				FA1C6A651E9E804900D0A5D5 /* Release */,
			);
			defaultConfigurationIsVisible = 0;
			defaultConfigurationName = Release;
		};
		FA1C6A661E9E804900D0A5D5 /* Build configuration list for PBXNativeTarget "BookLib" */ = {
			isa = XCConfigurationList;
			buildConfigurations = (
				FA1C6A671E9E804900D0A5D5 /* Debug */,
				FA1C6A681E9E804900D0A5D5 /* Release */,
			);
			defaultConfigurationIsVisible = 0;
			defaultConfigurationName = Release;
		};
/* End XCConfigurationList section */
	};
	rootObject = FA1C6A471E9E804900D0A5D5 /* Project object */;
}
